lockfileVersion: '9.0'

settings:
  autoInstallPeers: true
  excludeLinksFromLockfile: false

importers:

  .: {}

  api:
    dependencies:
      '@datastructures-js/priority-queue':
        specifier: ^6.3.1
        version: 6.3.1
      '@imput/psl':
        specifier: ^2.0.4
        version: 2.0.4
      '@imput/version-info':
        specifier: workspace:^
        version: link:../packages/version-info
      content-disposition-header:
        specifier: 0.6.0
        version: 0.6.0
      cors:
        specifier: ^2.8.5
        version: 2.8.5
      dotenv:
        specifier: ^16.0.1
        version: 16.4.5
      express:
        specifier: ^4.21.2
        version: 4.21.2
      express-rate-limit:
        specifier: ^7.4.1
        version: 7.4.1 (express@4.21.2)
      ffmpeg-static:
        specifier: ^5.1.0
        version: 5.2.0
      hls-parser:
        specifier: ^0.10.7
        version: 0.10.9
      ipaddr.js:
        specifier: 2.2.0
        version: 2.2.0
      nanoid:
        specifier: ^5.0.9
        version: 5.0.9
      pnpm:  # Add pnpm here
        specifier: ^8.0.0  # Replace with the desired version
        version: 8.0.0  # Replace with the installed version
      set-cookie-parser:
        specifier: 2.6.0
        version: 2.6.0
      undici:
        specifier: ^5.19.1
        version: 5.28.4
      url-pattern:
        specifier: 1.0.3
        version: 1.0.3
      youtubei.js:
        specifier: ^12.2.0
        version: 12.2.0
      zod:
        specifier: ^3.23.8
        version: 3.23.8
    optionalDependencies:
      freebind:
        specifier: ^0.2.2
        version: 0.2.2
      rate-limit-redis:
        specifier: ^4.2.0
        version: 4.2.0 (express-rate-limit@7.4.1 (express@4.21.2))
      redis:
        specifier: ^4.7.0
        version: 4.7.0

  packages/api-client:
    devDependencies:
      prettier:
        specifier: 3.3.3
        version: 3.3.3
      tsup:
        specifier: ^8.3.0
        version: 8.3.0 (postcss@8.4.47) (typescript@5.5.4)
      typescript:
        specifier: ^5.4.5
        version: 5.5.4

  packages/version-info: {}

  web:
    devDependencies:
      '@eslint/js':
        specifier: ^9.5.0
        version: 9.8.0
      '@fontsource-variable/noto-sans-mono':
        specifier: ^5.0.20
        version: 5.0.20
      '@fontsource/ibm-plex-mono':
        specifier: ^5.0.13
        version: 5.0.13
      '@fontsource/redaction-10':
        specifier: ^5.0.2
        version      '@fontsource/redaction-10':
        specifier: ^5.0.2
        version: 5.0.2
      '@imput/libav.js-remux-cli':
        specifier: ^5.5.6
        version: 5.5.6
      '@imput/version-info':
        specifier: workspace:^
        version: link:../packages/version-info
      '@sveltejs/adapter-static':
        specifier: ^3.0.6
        version: 3.0.6 (@sveltejs/kit@2.9.1 (@sveltejs/vite-plugin-svelte@3.1.1 (svelte@4.2.19) (vite@5.4.8 (@types/node@20.14.14))) (svelte@4.2.19) (vite@5.4.8 (@types/node@20.14.14)))
      '@sveltejs/kit':
        specifier: ^2.9.1
        version: 2.9.1 (@sveltejs/vite-plugin-svelte@3.1.1 (svelte@4.2.19) (vite@5.4.8 (@types/node@20.14.14))) (svelte@4.2.19) (vite@5.4.8 (@types/node@20.14.14))
      '@sveltejs/vite-plugin-svelte':
        specifier: ^3.0.0
        version: 3.1.1 (svelte@4.2.19) (vite@5.4.8 (@types/node@20.14.14))
      '@tabler/icons-svelte':
        specifier: 3.6.0
        version: 3.6.0 (svelte@4.2.19)
      '@types/eslint__js':
        specifier: ^8.42.3
        version: 8.42.3
      '@types/fluent-ffmpeg':
        specifier: ^2.1.25
        version: 2.1.25
      '@types/node':
        specifier: ^20.14.10
        version: 20.14.14
      '@vitejs/plugin-basic-ssl':
        specifier: ^1.1.0
        version: 1.1.0 (vite@5.4.8 (@types/node@20.14.14))
      compare-versions:
        specifier: ^6.1.0
        version: 6.1.1
      dotenv:
        specifier: ^16.0.1
        version: 16.4.5
      eslint:
        specifier: ^9.16.0
        version: 9.16.0
      glob:
        specifier: ^11.0.0
        version: 11.0.0
      mdsvex:
        specifier: ^0.11.2
        version: 0.11.2 (svelte@4.2.19)
      mime:
        specifier: ^4.0.4
        version: 4.0.4
      svelte:
        specifier: ^4.2.19
        version: 4.2.19
      svelte-check:
        specifier: ^3.6.0
        version: 3.8.5 (postcss@8.4.47) (svelte@4.2.19)
      svelte-preprocess:
        specifier: ^6.0.2
        version: 6.0.2 (postcss@8.4.47) (svelte@4.2.19) (typescript@5.5.4)
      svelte-sitemap:
        specifier: 2.6.0
        version: 2.6.0
      sveltekit-i18n:
        specifier: ^2.4.2
        version: 2.4.2 (svelte@4.2.19)
      ts-deepmerge:
        specifier: ^7.0.1
        version: 7.0.1
      tslib:
        specifier: ^2.4.1
        version: 2.6.3
      turnstile-types:
        specifier: ^1.2.2
        version: 1.2.2
      typescript:
        specifier: ^5.4.5
        version: 5.5.4
      typescript-eslint:
        specifier: ^8.      typescript-eslint:
        specifier: ^8.18.0
        version: 8.18.0 (eslint@9.16.0) (typescript@5.5.4)
      vite:
        specifier: ^5.3.6
        version: 5.4.8 (@types/node@20.14.14)

packages:

  '@ampproject/remapping@2.3.0':
    resolution: {integrity: sha512-30iZtAPgz+LTIYoeivqYo853f02jBYSd5uGnGpkFV0M3xOt9aN73erkgYAmZU43x4VfqcnLxW9Kpg3R5LC4YYw==}
    engines: {node: '>=6.0.0'}

  '@bufbuild/protobuf@2.1.0':
    resolution: {integrity: sha512-+2Mx67Y3skJ4NCD/qNSdBJNWtu6x6Qr53jeNg+QcwiL6mt0wK+3jwHH2x1p7xaYH6Ve2JKOVn0OxU35WsmqI9A==}

  '@datastructures-js/heap@4.3.3':
    resolution: {integrity: sha512-UcUu/DLh/aM4W3C8zZfwxxm6/6FIZUlm3mcAXuNOCa6Aj4iizNvNXQyb8DjZQH2jKSQbMRyNlngP6TPimuGjpQ==}

  '@datastructures-js/priority-queue@6.3.1':
    resolution: {integrity: sha512-eoxkWql/j0VJ0UFMFTpnyJz4KbEEVQ6aZ/JuJUgenu0Im4tYKylAycNGsYCHGXiVNEd7OKGVwfx1Ac3oYkuu7A==}

  '@derhuerst/http-basic@8.2.4':
    resolution: {integrity: sha512-F9rL9k9Xjf5blCz8HsJRO4diy111cayL2vkY2XE4r4t3n0yPXVYy3KD3nJ1qbrSn9743UWSXH4IwuCa/HWlGFw==}
    engines: {node: '>=6.0.0'}

  # (Additional package entries continue here)

  pnpm:  # Ensure this is included in the packages if needed
    resolution: {integrity: <insert-integrity-hash-here>}
    engines: {node: '>=14'}  # Specify the required node version for pnpm

snapshots:
  # (Any snapshots should go here)

# (Any other sections can be included as necessary)
